// !$*UTF8*$!
{
	archiveVersion = 1;
	classes = {
	};
	objectVersion = 50;
	objects = {

/* Begin PBXBuildFile section */
		3E7F422626FA818A00CF6813 /* tablasEnSwiftUIApp.swift in Sources */ = {isa = PBXBuildFile; fileRef = 3E7F422526FA818A00CF6813 /* tablasEnSwiftUIApp.swift */; };
		3E7F422826FA818A00CF6813 /* ContentView.swift in Sources */ = {isa = PBXBuildFile; fileRef = 3E7F422726FA818A00CF6813 /* ContentView.swift */; };
		3E7F422A26FA818C00CF6813 /* Assets.xcassets in Resources */ = {isa = PBXBuildFile; fileRef = 3E7F422926FA818C00CF6813 /* Assets.xcassets */; };
		3E7F422D26FA818C00CF6813 /* Preview Assets.xcassets in Resources */ = {isa = PBXBuildFile; fileRef = 3E7F422C26FA818C00CF6813 /* Preview Assets.xcassets */; };
		3E7F423626FA81AB00CF6813 /* Deporte.swift in Sources */ = {isa = PBXBuildFile; fileRef = 3E7F423526FA81AB00CF6813 /* Deporte.swift */; };
/* End PBXBuildFile section */

/* Begin PBXFileReference section */
		3E7F422226FA818A00CF6813 /* tablasEnSwiftUI.app */ = {isa = PBXFileReference; explicitFileType = wrapper.application; includeInIndex = 0; path = tablasEnSwiftUI.app; sourceTree = BUILT_PRODUCTS_DIR; };
		3E7F422526FA818A00CF6813 /* tablasEnSwiftUIApp.swift */ = {isa = PBXFileReference; lastKnownFileType = sourcecode.swift; path = tablasEnSwiftUIApp.swift; sourceTree = "<group>"; };
		3E7F422726FA818A00CF6813 /* ContentView.swift */ = {isa = PBXFileReference; lastKnownFileType = sourcecode.swift; path = ContentView.swift; sourceTree = "<group>"; };
		3E7F422926FA818C00CF6813 /* Assets.xcassets */ = {isa = PBXFileReference; lastKnownFileType = folder.assetcatalog; path = Assets.xcassets; sourceTree = "<group>"; };
		3E7F422C26FA818C00CF6813 /* Preview Assets.xcassets */ = {isa = PBXFileReference; lastKnownFileType = folder.assetcatalog; path = "Preview Assets.xcassets"; sourceTree = "<group>"; };
		3E7F422E26FA818C00CF6813 /* Info.plist */ = {isa = PBXFileReference; lastKnownFileType = text.plist.xml; path = Info.plist; sourceTree = "<group>"; };
		3E7F423526FA81AB00CF6813 /* Deporte.swift */ = {isa = PBXFileReference; lastKnownFileType = sourcecode.swift; path = Deporte.swift; sourceTree = "<group>"; };
/* End PBXFileReference section */

/* Begin PBXFrameworksBuildPhase section */
		3E7F421F26FA818A00CF6813 /* Frameworks */ = {
			isa = PBXFrameworksBuildPhase;
			buildActionMask = 2147483647;
			files = (
			);
			runOnlyForDeploymentPostprocessing = 0;
		};
/* End PBXFrameworksBuildPhase section */

/* Begin PBXGroup section */
		3E7F421926FA818A00CF6813 = {
			isa = PBXGroup;
			children = (
				3E7F422426FA818A00CF6813 /* tablasEnSwiftUI */,
				3E7F422326FA818A00CF6813 /* Products */,
			);
			sourceTree = "<group>";
		};
		3E7F422326FA818A00CF6813 /* Products */ = {
			isa = PBXGroup;
			children = (
				3E7F422226FA818A00CF6813 /* tablasEnSwiftUI.app */,
			);
			name = Products;
			sourceTree = "<group>";
		};
		3E7F422426FA818A00CF6813 /* tablasEnSwiftUI */ = {
			isa = PBXGroup;
			children = (
				3E7F422526FA818A00CF6813 /* tablasEnSwiftUIApp.swift */,
				3E7F422726FA818A00CF6813 /* ContentView.swift */,
				3E7F423526FA81AB00CF6813 /* Deporte.swift */,
				3E7F422926FA818C00CF6813 /* Assets.xcassets */,
				3E7F422E26FA818C00CF6813 /* Info.plist */,
				3E7F422B26FA818C00CF6813 /* Preview Content */,
			);
			path = tablasEnSwiftUI;
			sourceTree = "<group>";
		};
		3E7F422B26FA818C00CF6813 /* Preview Content */ = {
			isa = PBXGroup;
			children = (
				3E7F422C26FA818C00CF6813 /* Preview Assets.xcassets */,
			);
			path = "Preview Content";
			sourceTree = "<group>";
		};
/* End PBXGroup section */

/* Begin PBXNativeTarget section */
		3E7F422126FA818A00CF6813 /* tablasEnSwiftUI */ = {
			isa = PBXNativeTarget;
			buildConfigurationList = 3E7F423126FA818C00CF6813 /* Build configuration list for PBXNativeTarget "tablasEnSwiftUI" */;
			buildPhases = (
				3E7F421E26FA818A00CF6813 /* Sources */,
				3E7F421F26FA818A00CF6813 /* Frameworks */,
				3E7F422026FA818A00CF6813 /* Resources */,
			);
			buildRules = (
			);
			dependencies = (
			);
			name = tablasEnSwiftUI;
			productName = tablasEnSwiftUI;
			productReference = 3E7F422226FA818A00CF6813 /* tablasEnSwiftUI.app */;
			productType = "com.apple.product-type.application";
		};
/* End PBXNativeTarget section */

/* Begin PBXProject section */
		3E7F421A26FA818A00CF6813 /* Project object */ = {
			isa = PBXProject;
			attributes = {
				LastSwiftUpdateCheck = 1240;
				LastUpgradeCheck = 1240;
				TargetAttributes = {
					3E7F422126FA818A00CF6813 = {
						CreatedOnToolsVersion = 12.4;
					};
				};
			};
			buildConfigurationList = 3E7F421D26FA818A00CF6813 /* Build configuration list for PBXProject "tablasEnSwiftUI" */;
			compatibilityVersion = "Xcode 9.3";
			developmentRegion = en;
			hasScannedForEncodings = 0;
			knownRegions = (
				en,
				Base,
			);
			mainGroup = 3E7F421926FA818A00CF6813;
			productRefGroup = 3E7F422326FA818A00CF6813 /* Products */;
			projectDirPath = "";
			projectRoot = "";
			targets = (
				3E7F422126FA818A00CF6813 /* tablasEnSwiftUI */,
			);
		};
/* End PBXProject section */

/* Begin PBXResourcesBuildPhase section */
		3E7F422026FA818A00CF6813 /* Resources */ = {
			isa = PBXResourcesBuildPhase;
			buildActionMask = 2147483647;
			files = (
				3E7F422D26FA818C00CF6813 /* Preview Assets.xcassets in Resources */,
				3E7F422A26FA818C00CF6813 /* Assets.xcassets in Resources */,
			);
			runOnlyForDeploymentPostprocessing = 0;
		};
/* End PBXResourcesBuildPhase section */

/* Begin PBXSourcesBuildPhase section */
		3E7F421E26FA818A00CF6813 /* Sources */ = {
			isa = PBXSourcesBuildPhase;
			buildActionMask = 2147483647;
			files = (
				3E7F422826FA818A00CF6813 /* ContentView.swift in Sources */,
				3E7F422626FA818A00CF6813 /* tablasEnSwiftUIApp.swift in Sources */,
				3E7F423626FA81AB00CF6813 /* Deporte.swift in Sources */,
			);
			runOnlyForDeploymentPostprocessing = 0;
		};
/* End PBXSourcesBuildPhase section */

/* Begin XCBuildConfiguration section */
		3E7F422F26FA818C00CF6813 /* Debug */ = {
			isa = XCBuildConfiguration;
			buildSettings = {
				ALWAYS_SEARCH_USER_PATHS = NO;
				CLANG_ANALYZER_NONNULL = YES;
				CLANG_ANALYZER_NUMBER_OBJECT_CONVERSION = YES_AGGRESSIVE;
				CLANG_CXX_LANGUAGE_STANDARD = "gnu++14";
				CLANG_CXX_LIBRARY = "libc++";
				CLANG_ENABLE_MODULES = YES;
				CLANG_ENABLE_OBJC_ARC = YES;
				CLANG_ENABLE_OBJC_WEAK = YES;
				CLANG_WARN_BLOCK_CAPTURE_AUTORELEASING = YES;
				CLANG_WARN_BOOL_CONVERSION = YES;
				CLANG_WARN_COMMA = YES;
				CLANG_WARN_CONSTANT_CONVERSION = YES;
				CLANG_WARN_DEPRECATED_OBJC_IMPLEMENTATIONS = YES;
				CLANG_WARN_DIRECT_OBJC_ISA_USAGE = YES_ERROR;
				CLANG_WARN_DOCUMENTATION_COMMENTS = YES;
				CLANG_WARN_EMPTY_BODY = YES;
				CLANG_WARN_ENUM_CONVERSION = YES;
				CLANG_WARN_INFINITE_RECURSION = YES;
				CLANG_WARN_INT_CONVERSION = YES;
				CLANG_WARN_NON_LITERAL_NULL_CONVERSION = YES;
				CLANG_WARN_OBJC_IMPLICIT_RETAIN_SELF = YES;
				CLANG_WARN_OBJC_LITERAL_CONVERSION = YES;
				CLANG_WARN_OBJC_ROOT_CLASS = YES_ERROR;
				CLANG_WARN_QUOTED_INCLUDE_IN_FRAMEWORK_HEADER = YES;
				CLANG_WARN_RANGE_LOOP_ANALYSIS = YES;
				CLANG_WARN_STRICT_PROTOTYPES = YES;
				CLANG_WARN_SUSPICIOUS_MOVE = YES;
				CLANG_WARN_UNGUARDED_AVAILABILITY = YES_AGGRESSIVE;
				CLANG_WARN_UNREACHABLE_CODE = YES;
				CLANG_WARN__DUPLICATE_METHOD_MATCH = YES;
				COPY_PHASE_STRIP = NO;
				DEBUG_INFORMATION_FORMAT = dwarf;
				ENABLE_STRICT_OBJC_MSGSEND = YES;
				ENABLE_TESTABILITY = YES;
				GCC_C_LANGUAGE_STANDARD = gnu11;
				GCC_DYNAMIC_NO_PIC = NO;
				GCC_NO_COMMON_BLOCKS = YES;
				GCC_OPTIMIZATION_LEVEL = 0;
				GCC_PREPROCESSOR_DEFINITIONS = (
					"DEBUG=1",
					"$(inherited)",
				);
				GCC_WARN_64_TO_32_BIT_CONVERSION = YES;
				GCC_WARN_ABOUT_RETURN_TYPE = YES_ERROR;
				GCC_WARN_UNDECLARED_SELECTOR = YES;
				GCC_WARN_UNINITIALIZED_AUTOS = YES_AGGRESSIVE;
				GCC_WARN_UNUSED_FUNCTION = YES;
				GCC_WARN_UNUSED_VARIABLE = YES;
				IPHONEOS_DEPLOYMENT_TARGET = 14.4;
				MTL_ENABLE_DEBUG_INFO = INCLUDE_SOURCE;
				MTL_FAST_MATH = YES;
				ONLY_ACTIVE_ARCH = YES;
				SDKROOT = iphoneos;
				SWIFT_ACTIVE_COMPILATION_CONDITIONS = DEBUG;
				SWIFT_OPTIMIZATION_LEVEL = "-Onone";
			};
			name = Debug;
		};
		3E7F423026FA818C00CF6813 /* Release */ = {
			isa = XCBuildConfiguration;
			buildSettings = {
				ALWAYS_SEARCH_USER_PATHS = NO;
				CLANG_ANALYZER_NONNULL = YES;
				CLANG_ANALYZER_NUMBER_OBJECT_CONVERSION = YES_AGGRESSIVE;
				CLANG_CXX_LANGUAGE_STANDARD = "gnu++14";
				CLANG_CXX_LIBRARY = "libc++";
				CLANG_ENABLE_MODULES = YES;
				CLANG_ENABLE_OBJC_ARC = YES;
				CLANG_ENABLE_OBJC_WEAK = YES;
				CLANG_WARN_BLOCK_CAPTURE_AUTORELEASING = YES;
				CLANG_WARN_BOOL_CONVERSION = YES;
				CLANG_WARN_COMMA = YES;
				CLANG_WARN_CONSTANT_CONVERSION = YES;
				CLANG_WARN_DEPRECATED_OBJC_IMPLEMENTATIONS = YES;
				CLANG_WARN_DIRECT_OBJC_ISA_USAGE = YES_ERROR;
				CLANG_WARN_DOCUMENTATION_COMMENTS = YES;
				CLANG_WARN_EMPTY_BODY = YES;
				CLANG_WARN_ENUM_CONVERSION = YES;
				CLANG_WARN_INFINITE_RECURSION = YES;
				CLANG_WARN_INT_CONVERSION = YES;
				CLANG_WARN_NON_LITERAL_NULL_CONVERSION = YES;
				CLANG_WARN_OBJC_IMPLICIT_RETAIN_SELF = YES;
				CLANG_WARN_OBJC_LITERAL_CONVERSION = YES;
				CLANG_WARN_OBJC_ROOT_CLASS = YES_ERROR;
				CLANG_WARN_QUOTED_INCLUDE_IN_FRAMEWORK_HEADER = YES;
				CLANG_WARN_RANGE_LOOP_ANALYSIS = YES;
				CLANG_WARN_STRICT_PROTOTYPES = YES;
				CLANG_WARN_SUSPICIOUS_MOVE = YES;
				CLANG_WARN_UNGUARDED_AVAILABILITY = YES_AGGRESSIVE;
				CLANG_WARN_UNREACHABLE_CODE = YES;
				CLANG_WARN__DUPLICATE_METHOD_MATCH = YES;
				COPY_PHASE_STRIP = NO;
				DEBUG_INFORMATION_FORMAT = "dwarf-with-dsym";
				ENABLE_NS_ASSERTIONS = NO;
				ENABLE_STRICT_OBJC_MSGSEND = YES;
				GCC_C_LANGUAGE_STANDARD = gnu11;
				GCC_NO_COMMON_BLOCKS = YES;
				GCC_WARN_64_TO_32_BIT_CONVERSION = YES;
				GCC_WARN_ABOUT_RETURN_TYPE = YES_ERROR;
				GCC_WARN_UNDECLARED_SELECTOR = YES;
				GCC_WARN_UNINITIALIZED_AUTOS = YES_AGGRESSIVE;
				GCC_WARN_UNUSED_FUNCTION = YES;
				GCC_WARN_UNUSED_VARIABLE = YES;
				IPHONEOS_DEPLOYMENT_TARGET = 14.4;
				MTL_ENABLE_DEBUG_INFO = NO;
				MTL_FAST_MATH = YES;
				SDKROOT = iphoneos;
				SWIFT_COMPILATION_MODE = wholemodule;
				SWIFT_OPTIMIZATION_LEVEL = "-O";
				VALIDATE_PRODUCT = YES;
			};
			name = Release;
		};
		3E7F423226FA818C00CF6813 /* Debug */ = {
			isa = XCBuildConfiguration;
			buildSettings = {
				ASSETCATALOG_COMPILER_APPICON_NAME = AppIcon;
				ASSETCATALOG_COMPILER_GLOBAL_ACCENT_COLOR_NAME = AccentColor;
				CODE_SIGN_STYLE = Automatic;
				DEVELOPMENT_ASSET_PATHS = "\"tablasEnSwiftUI/Preview Content\"";
				DEVELOPMENT_TEAM = QXK9P8WD8N;
				ENABLE_PREVIEWS = YES;
				INFOPLIST_FILE = tablasEnSwiftUI/Info.plist;
				IPHONEOS_DEPLOYMENT_TARGET = 14.0;
				LD_RUNPATH_SEARCH_PATHS = (
					"$(inherited)",
					"@executable_path/Frameworks",
				);
				PRODUCT_BUNDLE_IDENTIFIER = ITESM.tablasEnSwiftUI;
				PRODUCT_NAME = "$(TARGET_NAME)";
				SWIFT_VERSION = 5.0;
				TARGETED_DEVICE_FAMILY = "1,2";
			};
			name = Debug;
		};
		3E7F423326FA818C00CF6813 /* Release */ = {
			isa = XCBuildConfiguration;
			buildSettings = {
				ASSETCATALOG_COMPILER_APPICON_NAME = AppIcon;
				ASSETCATALOG_COMPILER_GLOBAL_ACCENT_COLOR_NAME = AccentColor;
				CODE_SIGN_STYLE = Automatic;
				DEVELOPMENT_ASSET_PATHS = "\"tablasEnSwiftUI/Preview Content\"";
				DEVELOPMENT_TEAM = QXK9P8WD8N;
				ENABLE_PREVIEWS = YES;
				INFOPLIST_FILE = tablasEnSwiftUI/Info.plist;
				IPHONEOS_DEPLOYMENT_TARGET = 14.0;
				LD_RUNPATH_SEARCH_PATHS = (
					"$(inherited)",
					"@executable_path/Frameworks",
				);
				PRODUCT_BUNDLE_IDENTIFIER = ITESM.tablasEnSwiftUI;
				PRODUCT_NAME = "$(TARGET_NAME)";
				SWIFT_VERSION = 5.0;
				TARGETED_DEVICE_FAMILY = "1,2";
			};
			name = Release;
		};
/* End XCBuildConfiguration section */

/* Begin XCConfigurationList section */
		3E7F421D26FA818A00CF6813 /* Build configuration list for PBXProject "tablasEnSwiftUI" */ = {
			isa = XCConfigurationList;
			buildConfigurations = (
				3E7F422F26FA818C00CF6813 /* Debug */,
				3E7F423026FA818C00CF6813 /* Release */,
			);
			defaultConfigurationIsVisible = 0;
			defaultConfigurationName = Release;
		};
		3E7F423126FA818C00CF6813 /* Build configuration list for PBXNativeTarget "tablasEnSwiftUI" */ = {
			isa = XCConfigurationList;
			buildConfigurations = (
				3E7F423226FA818C00CF6813 /* Debug */,
				3E7F423326FA818C00CF6813 /* Release */,
			);
			defaultConfigurationIsVisible = 0;
			defaultConfigurationName = Release;
		};
/* End XCConfigurationList section */
	};
	rootObject = 3E7F421A26FA818A00CF6813 /* Project object */;
}
